
Microsoft Visual Studio Solution File, Format Version 12.00
# Visual Studio Version 16
VisualStudioVersion = 16.0.29806.167
MinimumVisualStudioVersion = 10.0.40219.1
Project("{8BC9CEB8-8B4A-11D0-8D11-00A0C91BC942}") = "Assignment4WithDebugging", "Assignment4WithDebugging\Assignment4WithDebugging.vcxproj", "{F241117A-4974-493A-B70A-9B295F79C9A4}"
EndProject
Global
	GlobalSection(SolutionConfigurationPlatforms) = preSolution
		Debug|x64 = Debug|x64
		Debug|x86 = Debug|x86
		Release|x64 = Release|x64
		Release|x86 = Release|x86
	EndGlobalSection
	GlobalSection(ProjectConfigurationPlatforms) = postSolution
		{F241117A-4974-493A-B70A-9B295F79C9A4}.Debug|x64.ActiveCfg = Debug|x64
		{F241117A-4974-493A-B70A-9B295F79C9A4}.Debug|x64.Build.0 = Debug|x64
		{F241117A-4974-493A-B70A-9B295F79C9A4}.Debug|x86.ActiveCfg = Debug|Win32
		{F241117A-4974-493A-B70A-9B295F79C9A4}.Debug|x86.Build.0 = Debug|Win32
		{F241117A-4974-493A-B70A-9B295F79C9A4}.Release|x64.ActiveCfg = Release|x64
		{F241117A-4974-493A-B70A-9B295F79C9A4}.Release|x64.Build.0 = Release|x64
		{F241117A-4974-493A-B70A-9B295F79C9A4}.Release|x86.ActiveCfg = Release|Win32
		{F241117A-4974-493A-B70A-9B295F79C9A4}.Release|x86.Build.0 = Release|Win32
	EndGlobalSection
	GlobalSection(SolutionProperties) = preSolution
		HideSolutionNode = FALSE
	EndGlobalSection
	GlobalSection(ExtensibilityGlobals) = postSolution
		SolutionGuid = {5FE84313-8289-4C33-BA7E-F95300DFE7EB}
	EndGlobalSection
EndGlobal
